{
  "nodes": {
    "claude-desktop": {
      "inputs": {
        "nixpkgs": [
          "nixpkgs"
        ]
      },
      "locked": {
        "lastModified": 1790247045,
        "narHash": "sha256-iKF1SMRW3rfew7juBb7V6MLLMzJ5A8rMxFutikSMoNs=",
        "owner": "nmcbride",
        "repo": "claude-desktop-nix",
        "rev": "fb69adee94b6fac62a936e5975529e24c8b4e78e",
        "type": "github"
      },
      "original": {
        "owner": "nmcbride",
        "repo": "claude-desktop-nix",
        "type": "github"
      }
    },
    "flake-parts": {
      "inputs": {
        "nixpkgs-lib": [
          "nixvim",
          "nixpkgs"
        ]
      },
      "locked": {
        "lastModified": 1788450739,
        "narHash": "sha256-glZLQlzIn1fXH6PazR2iUmTo7kzzyYSshrWhLS9TqCU=",
        "owner": "hercules-ci",
        "repo": "flake-parts",
        "rev": "31729ca8cbdb4fa927b34e5f4353e6a83f39e993",
        "type": "github"
      },
      "original": {
        "owner": "hercules-ci",
        "repo": "flake-parts",
        "type": "github"
      }
    },
    "home-manager": {
      "inputs": {
        "nixpkgs": [
          "nixpkgs"
        ]
      },
      "locked": {
        "lastModified": 1790275434,
        "narHash": "sha256-9dZF1EviQA/XKCjHChddQh7skrfKnZPSqPOqEeOKW0k=",
        "owner": "nix-community",
        "repo": "home-manager",
        "rev": "f2981148865f7390d187a91d4b1a3a7616047d6d",
        "type": "github"
      },
      "original": {
        "owner": "nix-community",
        "repo": "home-manager",
        "type": "github"
      }
    },
    "hyprexpo-src": {
      "flake": false,
      "locked": {
        "lastModified": 1789899934,
        "narHash": "sha256-OOIHCkatQ1bo1ASK6rOASFa05aIaLJ2M1hKAI9TQYps=",
        "owner": "sandwichfarm",
        "repo": "hyprexpo",
        "rev": "77f4a0f83e82eceef7df6f37ea7a66ec9954fb42",
        "type": "github"
      },
      "original": {
        "owner": "sandwichfarm",
        "repo": "hyprexpo",
        "type": "github"
      }
    },
    "nixpkgs": {
      "locked": {
        "lastModified": 1790185690,
        "narHash": "sha256-xJ+X4hBtOcAFGBOe5nAMyMUeF9foJBmIOu3NjBqBycU=",
        "owner": "nixos",
        "repo": "nixpkgs",
        "rev": "4975466d324710c576dc11ad614684e6bd8cad8e",
        "type": "github"
      },
      "original": {
        "owner": "nixos",
        "ref": "nixos-unstable",
        "repo": "nixpkgs",
        "type": "github"
      }
    },
    "nixpkgs_2": {
      "locked": {
        "lastModified": 1789785513,
        "narHash": "sha256-BMbikTjbh5H7ac/OjwGoJrlooh4dgNqhs51ABM83M7g=",
        "rev": "20b1ddd1aa5ace70c9468305030aa4f9ef79671b",
        "type": "tarball",
        "url": "https://releases.nixos.org/nixos/unstable/nixos-26.11pre1076192.20b1ddd1aa5a/nixexprs.tar.zst"
      },
      "original": {
        "type": "tarball",
        "url": "https://channels.nixos.org/nixos-unstable/nixexprs.tar.zst"
      }
    },
    "nixvim": {
      "inputs": {
        "flake-parts": "flake-parts",
        "nixpkgs": [
          "nixpkgs"
        ],
        "systems": "systems"
      },
      "locked": {
        "lastModified": 1789961561,
        "narHash": "sha256-2lRgE8XsmXIVmiujmHVaCy5TrBUSblILNT5vYOj/Ed0=",
        "owner": "nix-community",
        "repo": "nixvim",
        "rev": "bcb5f577a36565bda07d7b81346b73cad8618d16",
        "type": "github"
      },
      "original": {
        "owner": "nix-community",
        "repo": "nixvim",
        "type": "github"
      }
    },
    "noctalia": {
      "inputs": {
        "nixpkgs": "nixpkgs_2"
      },
      "locked": {
        "lastModified": 1790264436,
        "narHash": "sha256-UK7DdfvCUZJAOBqzwwO8vh8uv7E8OzS0oWzte4J3/dw=",
        "owner": "noctalia-dev",
        "repo": "noctalia",
        "rev": "c974dbfabf3d258cc9e813a3b17c2b608017d511",
        "type": "github"
      },
      "original": {
        "owner": "noctalia-dev",
        "repo": "noctalia",
        "type": "github"
      }
    },
    "root": {
      "inputs": {
        "claude-desktop": "claude-desktop",
        "home-manager": "home-manager",
        "hyprexpo-src": "hyprexpo-src",
        "nixpkgs": "nixpkgs",
        "nixvim": "nixvim",
        "noctalia": "noctalia"
      }
    },
    "systems": {
      "flake": false,
      "locked": {
        "lastModified": 1774449309,
        "narHash": "sha256-brhZ8DmuGtzkCYHJg4HEd602amKm89Y9ytsFZ5uWD1w=",
        "owner": "nix-systems",
        "repo": "default",
        "rev": "c29398b59d2048c4ab79345812849c9bd15e9150",
        "type": "github"
      },
      "original": {
        "owner": "nix-systems",
        "ref": "future-26.11",
        "repo": "default",
        "type": "github"
      }
    }
  },
  "root": "root",
  "version": 7
}
